
Microsoft Visual Studio Solution File, Format Version 12.00
# Visual Studio 15
VisualStudioVersion = 15.0.28010.2036
MinimumVisualStudioVersion = 10.0.40219.1
Project("{FAE04EC0-301F-11D3-BF4B-00C04F79EFBC}") = "PayRegistry", "PayRegistry.csproj", "{077FDA9F-207A-4E3B-857F-B236A0829DEC}"
EndProject
Global
	GlobalSection(SolutionConfigurationPlatforms) = preSolution
		Debug|Any CPU = Debug|Any CPU
		Release|Any CPU = Release|Any CPU
	EndGlobalSection
	GlobalSection(ProjectConfigurationPlatforms) = postSolution
		{077FDA9F-207A-4E3B-857F-B236A0829DEC}.Debug|Any CPU.ActiveCfg = Debug|Any CPU
		{077FDA9F-207A-4E3B-857F-B236A0829DEC}.Debug|Any CPU.Build.0 = Debug|Any CPU
		{077FDA9F-207A-4E3B-857F-B236A0829DEC}.Release|Any CPU.ActiveCfg = Release|Any CPU
		{077FDA9F-207A-4E3B-857F-B236A0829DEC}.Release|Any CPU.Build.0 = Release|Any CPU
	EndGlobalSection
	GlobalSection(SolutionProperties) = preSolution
		HideSolutionNode = FALSE
	EndGlobalSection
	GlobalSection(ExtensibilityGlobals) = postSolution
		SolutionGuid = {8177563E-B154-43E6-A36E-09EA6CC73280}
	EndGlobalSection
EndGlobal
