
Microsoft Visual Studio Solution File, Format Version 12.00
# Visual Studio 15
VisualStudioVersion = 15.0.28010.2036
MinimumVisualStudioVersion = 10.0.40219.1
Project("{FAE04EC0-301F-11D3-BF4B-00C04F79EFBC}") = "VirtContractResolver", "VirtContractResolver.csproj", "{D564E437-F323-4F79-9C0A-3CCAD14A2F6E}"
EndProject
Global
	GlobalSection(SolutionConfigurationPlatforms) = preSolution
		Debug|Any CPU = Debug|Any CPU
		Release|Any CPU = Release|Any CPU
	EndGlobalSection
	GlobalSection(ProjectConfigurationPlatforms) = postSolution
		{D564E437-F323-4F79-9C0A-3CCAD14A2F6E}.Debug|Any CPU.ActiveCfg = Debug|Any CPU
		{D564E437-F323-4F79-9C0A-3CCAD14A2F6E}.Debug|Any CPU.Build.0 = Debug|Any CPU
		{D564E437-F323-4F79-9C0A-3CCAD14A2F6E}.Release|Any CPU.ActiveCfg = Release|Any CPU
		{D564E437-F323-4F79-9C0A-3CCAD14A2F6E}.Release|Any CPU.Build.0 = Release|Any CPU
	EndGlobalSection
	GlobalSection(SolutionProperties) = preSolution
		HideSolutionNode = FALSE
	EndGlobalSection
	GlobalSection(ExtensibilityGlobals) = postSolution
		SolutionGuid = {5EF8B9A7-D0E1-4869-ABC6-3B686EB9E382}
	EndGlobalSection
EndGlobal
